
Microsoft Visual Studio Solution File, Format Version 12.00
Project("{2150E333-8FDC-42A3-9474-1A3956D46DE8}") = "cli", "cli", "{F1472B3D-821B-4014-9A66-0396BE1D05BC}"
EndProject
Project("{FAE04EC0-301F-11D3-BF4B-00C04F79EFBC}") = "ManagementTool", "src\ManagementTool\ManagementTool.csproj", "{9F216273-2099-4DE8-923C-BAC9E67BCE78}"
EndProject
Project("{FAE04EC0-301F-11D3-BF4B-00C04F79EFBC}") = "GraphQlDtos", "src\GraphQlDtos\GraphQlDtos.csproj", "{6D4FDFBB-92E1-4DC5-B643-1B3465F6A0AC}"
EndProject
Project("{2150E333-8FDC-42A3-9474-1A3956D46DE8}") = "src", "src", "{827E0CD3-B72D-47B6-A68D-7590B98EB39B}"
EndProject
Project("{FAE04EC0-301F-11D3-BF4B-00C04F79EFBC}") = "CommandReferenceGenerator", "src\CommandReferenceGenerator\CommandReferenceGenerator.csproj", "{87B40B2C-98E9-4422-9FDA-F78FF7F904FE}"
EndProject
Project("{2150E333-8FDC-42A3-9474-1A3956D46DE8}") = "tests", "tests", "{0AB3BF05-4346-4AA6-1389-037BE0695223}"
EndProject
Project("{FAE04EC0-301F-11D3-BF4B-00C04F79EFBC}") = "CommandReferenceGenerator.Tests", "tests\CommandReferenceGenerator.Tests\CommandReferenceGenerator.Tests.csproj", "{7DF0D83E-7830-4F71-917C-C8169CAD93A5}"
EndProject
Project("{FAE04EC0-301F-11D3-BF4B-00C04F79EFBC}") = "ManagementTool.Tests", "tests\ManagementTool.Tests\ManagementTool.Tests.csproj", "{5925EFC0-A0D0-47DF-905D-7D29453DB3CE}"
EndProject
Global
	GlobalSection(SolutionConfigurationPlatforms) = preSolution
		Debug|Any CPU = Debug|Any CPU
		Debug|x64 = Debug|x64
		Debug|x86 = Debug|x86
		Release|Any CPU = Release|Any CPU
		Release|x64 = Release|x64
		Release|x86 = Release|x86
		DebugL|Any CPU = DebugL|Any CPU
		DebugL|x64 = DebugL|x64
		DebugL|x86 = DebugL|x86
	EndGlobalSection
	GlobalSection(ProjectConfigurationPlatforms) = postSolution
		{9F216273-2099-4DE8-923C-BAC9E67BCE78}.Debug|Any CPU.ActiveCfg = Debug|Any CPU
		{9F216273-2099-4DE8-923C-BAC9E67BCE78}.Debug|Any CPU.Build.0 = Debug|Any CPU
		{9F216273-2099-4DE8-923C-BAC9E67BCE78}.Debug|x64.ActiveCfg = Debug|Any CPU
		{9F216273-2099-4DE8-923C-BAC9E67BCE78}.Debug|x64.Build.0 = Debug|Any CPU
		{9F216273-2099-4DE8-923C-BAC9E67BCE78}.Debug|x86.ActiveCfg = Debug|Any CPU
		{9F216273-2099-4DE8-923C-BAC9E67BCE78}.Debug|x86.Build.0 = Debug|Any CPU
		{9F216273-2099-4DE8-923C-BAC9E67BCE78}.Release|Any CPU.ActiveCfg = Release|Any CPU
		{9F216273-2099-4DE8-923C-BAC9E67BCE78}.Release|Any CPU.Build.0 = Release|Any CPU
		{9F216273-2099-4DE8-923C-BAC9E67BCE78}.Release|x64.ActiveCfg = Release|Any CPU
		{9F216273-2099-4DE8-923C-BAC9E67BCE78}.Release|x64.Build.0 = Release|Any CPU
		{9F216273-2099-4DE8-923C-BAC9E67BCE78}.Release|x86.ActiveCfg = Release|Any CPU
		{9F216273-2099-4DE8-923C-BAC9E67BCE78}.Release|x86.Build.0 = Release|Any CPU
		{9F216273-2099-4DE8-923C-BAC9E67BCE78}.DebugL|Any CPU.ActiveCfg = DebugL|Any CPU
		{9F216273-2099-4DE8-923C-BAC9E67BCE78}.DebugL|Any CPU.Build.0 = DebugL|Any CPU
		{9F216273-2099-4DE8-923C-BAC9E67BCE78}.DebugL|x64.ActiveCfg = DebugL|Any CPU
		{9F216273-2099-4DE8-923C-BAC9E67BCE78}.DebugL|x64.Build.0 = DebugL|Any CPU
		{9F216273-2099-4DE8-923C-BAC9E67BCE78}.DebugL|x86.ActiveCfg = DebugL|Any CPU
		{9F216273-2099-4DE8-923C-BAC9E67BCE78}.DebugL|x86.Build.0 = DebugL|Any CPU
		{6D4FDFBB-92E1-4DC5-B643-1B3465F6A0AC}.Debug|Any CPU.ActiveCfg = Debug|Any CPU
		{6D4FDFBB-92E1-4DC5-B643-1B3465F6A0AC}.Debug|Any CPU.Build.0 = Debug|Any CPU
		{6D4FDFBB-92E1-4DC5-B643-1B3465F6A0AC}.Debug|x64.ActiveCfg = Debug|Any CPU
		{6D4FDFBB-92E1-4DC5-B643-1B3465F6A0AC}.Debug|x64.Build.0 = Debug|Any CPU
		{6D4FDFBB-92E1-4DC5-B643-1B3465F6A0AC}.Debug|x86.ActiveCfg = Debug|Any CPU
		{6D4FDFBB-92E1-4DC5-B643-1B3465F6A0AC}.Debug|x86.Build.0 = Debug|Any CPU
		{6D4FDFBB-92E1-4DC5-B643-1B3465F6A0AC}.Release|Any CPU.ActiveCfg = Release|Any CPU
		{6D4FDFBB-92E1-4DC5-B643-1B3465F6A0AC}.Release|Any CPU.Build.0 = Release|Any CPU
		{6D4FDFBB-92E1-4DC5-B643-1B3465F6A0AC}.Release|x64.ActiveCfg = Release|Any CPU
		{6D4FDFBB-92E1-4DC5-B643-1B3465F6A0AC}.Release|x64.Build.0 = Release|Any CPU
		{6D4FDFBB-92E1-4DC5-B643-1B3465F6A0AC}.Release|x86.ActiveCfg = Release|Any CPU
		{6D4FDFBB-92E1-4DC5-B643-1B3465F6A0AC}.Release|x86.Build.0 = Release|Any CPU
		{6D4FDFBB-92E1-4DC5-B643-1B3465F6A0AC}.DebugL|Any CPU.ActiveCfg = DebugL|Any CPU
		{6D4FDFBB-92E1-4DC5-B643-1B3465F6A0AC}.DebugL|Any CPU.Build.0 = DebugL|Any CPU
		{6D4FDFBB-92E1-4DC5-B643-1B3465F6A0AC}.DebugL|x64.ActiveCfg = DebugL|Any CPU
		{6D4FDFBB-92E1-4DC5-B643-1B3465F6A0AC}.DebugL|x64.Build.0 = DebugL|Any CPU
		{6D4FDFBB-92E1-4DC5-B643-1B3465F6A0AC}.DebugL|x86.ActiveCfg = DebugL|Any CPU
		{6D4FDFBB-92E1-4DC5-B643-1B3465F6A0AC}.DebugL|x86.Build.0 = DebugL|Any CPU
		{87B40B2C-98E9-4422-9FDA-F78FF7F904FE}.Debug|Any CPU.ActiveCfg = Debug|Any CPU
		{87B40B2C-98E9-4422-9FDA-F78FF7F904FE}.Debug|Any CPU.Build.0 = Debug|Any CPU
		{87B40B2C-98E9-4422-9FDA-F78FF7F904FE}.Debug|x64.ActiveCfg = Debug|Any CPU
		{87B40B2C-98E9-4422-9FDA-F78FF7F904FE}.Debug|x64.Build.0 = Debug|Any CPU
		{87B40B2C-98E9-4422-9FDA-F78FF7F904FE}.Debug|x86.ActiveCfg = Debug|Any CPU
		{87B40B2C-98E9-4422-9FDA-F78FF7F904FE}.Debug|x86.Build.0 = Debug|Any CPU
		{87B40B2C-98E9-4422-9FDA-F78FF7F904FE}.Release|Any CPU.ActiveCfg = Release|Any CPU
		{87B40B2C-98E9-4422-9FDA-F78FF7F904FE}.Release|Any CPU.Build.0 = Release|Any CPU
		{87B40B2C-98E9-4422-9FDA-F78FF7F904FE}.Release|x64.ActiveCfg = Release|Any CPU
		{87B40B2C-98E9-4422-9FDA-F78FF7F904FE}.Release|x64.Build.0 = Release|Any CPU
		{87B40B2C-98E9-4422-9FDA-F78FF7F904FE}.Release|x86.ActiveCfg = Release|Any CPU
		{87B40B2C-98E9-4422-9FDA-F78FF7F904FE}.Release|x86.Build.0 = Release|Any CPU
		{87B40B2C-98E9-4422-9FDA-F78FF7F904FE}.DebugL|Any CPU.ActiveCfg = Debug|Any CPU
		{87B40B2C-98E9-4422-9FDA-F78FF7F904FE}.DebugL|Any CPU.Build.0 = Debug|Any CPU
		{87B40B2C-98E9-4422-9FDA-F78FF7F904FE}.DebugL|x64.ActiveCfg = Debug|Any CPU
		{87B40B2C-98E9-4422-9FDA-F78FF7F904FE}.DebugL|x64.Build.0 = Debug|Any CPU
		{87B40B2C-98E9-4422-9FDA-F78FF7F904FE}.DebugL|x86.ActiveCfg = Debug|Any CPU
		{87B40B2C-98E9-4422-9FDA-F78FF7F904FE}.DebugL|x86.Build.0 = Debug|Any CPU
		{7DF0D83E-7830-4F71-917C-C8169CAD93A5}.Debug|Any CPU.ActiveCfg = Debug|Any CPU
		{7DF0D83E-7830-4F71-917C-C8169CAD93A5}.Debug|Any CPU.Build.0 = Debug|Any CPU
		{7DF0D83E-7830-4F71-917C-C8169CAD93A5}.Debug|x64.ActiveCfg = Debug|Any CPU
		{7DF0D83E-7830-4F71-917C-C8169CAD93A5}.Debug|x64.Build.0 = Debug|Any CPU
		{7DF0D83E-7830-4F71-917C-C8169CAD93A5}.Debug|x86.ActiveCfg = Debug|Any CPU
		{7DF0D83E-7830-4F71-917C-C8169CAD93A5}.Debug|x86.Build.0 = Debug|Any CPU
		{7DF0D83E-7830-4F71-917C-C8169CAD93A5}.Release|Any CPU.ActiveCfg = Release|Any CPU
		{7DF0D83E-7830-4F71-917C-C8169CAD93A5}.Release|Any CPU.Build.0 = Release|Any CPU
		{7DF0D83E-7830-4F71-917C-C8169CAD93A5}.Release|x64.ActiveCfg = Release|Any CPU
		{7DF0D83E-7830-4F71-917C-C8169CAD93A5}.Release|x64.Build.0 = Release|Any CPU
		{7DF0D83E-7830-4F71-917C-C8169CAD93A5}.Release|x86.ActiveCfg = Release|Any CPU
		{7DF0D83E-7830-4F71-917C-C8169CAD93A5}.Release|x86.Build.0 = Release|Any CPU
		{7DF0D83E-7830-4F71-917C-C8169CAD93A5}.DebugL|Any CPU.ActiveCfg = Debug|Any CPU
		{7DF0D83E-7830-4F71-917C-C8169CAD93A5}.DebugL|Any CPU.Build.0 = Debug|Any CPU
		{7DF0D83E-7830-4F71-917C-C8169CAD93A5}.DebugL|x64.ActiveCfg = Debug|Any CPU
		{7DF0D83E-7830-4F71-917C-C8169CAD93A5}.DebugL|x64.Build.0 = Debug|Any CPU
		{7DF0D83E-7830-4F71-917C-C8169CAD93A5}.DebugL|x86.ActiveCfg = Debug|Any CPU
		{7DF0D83E-7830-4F71-917C-C8169CAD93A5}.DebugL|x86.Build.0 = Debug|Any CPU
		{5925EFC0-A0D0-47DF-905D-7D29453DB3CE}.Debug|Any CPU.ActiveCfg = Debug|Any CPU
		{5925EFC0-A0D0-47DF-905D-7D29453DB3CE}.Debug|Any CPU.Build.0 = Debug|Any CPU
		{5925EFC0-A0D0-47DF-905D-7D29453DB3CE}.Debug|x64.ActiveCfg = Debug|Any CPU
		{5925EFC0-A0D0-47DF-905D-7D29453DB3CE}.Debug|x64.Build.0 = Debug|Any CPU
		{5925EFC0-A0D0-47DF-905D-7D29453DB3CE}.Debug|x86.ActiveCfg = Debug|Any CPU
		{5925EFC0-A0D0-47DF-905D-7D29453DB3CE}.Debug|x86.Build.0 = Debug|Any CPU
		{5925EFC0-A0D0-47DF-905D-7D29453DB3CE}.Release|Any CPU.ActiveCfg = Release|Any CPU
		{5925EFC0-A0D0-47DF-905D-7D29453DB3CE}.Release|Any CPU.Build.0 = Release|Any CPU
		{5925EFC0-A0D0-47DF-905D-7D29453DB3CE}.Release|x64.ActiveCfg = Release|Any CPU
		{5925EFC0-A0D0-47DF-905D-7D29453DB3CE}.Release|x64.Build.0 = Release|Any CPU
		{5925EFC0-A0D0-47DF-905D-7D29453DB3CE}.Release|x86.ActiveCfg = Release|Any CPU
		{5925EFC0-A0D0-47DF-905D-7D29453DB3CE}.Release|x86.Build.0 = Release|Any CPU
		{5925EFC0-A0D0-47DF-905D-7D29453DB3CE}.DebugL|Any CPU.ActiveCfg = Debug|Any CPU
		{5925EFC0-A0D0-47DF-905D-7D29453DB3CE}.DebugL|Any CPU.Build.0 = Debug|Any CPU
		{5925EFC0-A0D0-47DF-905D-7D29453DB3CE}.DebugL|x64.ActiveCfg = Debug|Any CPU
		{5925EFC0-A0D0-47DF-905D-7D29453DB3CE}.DebugL|x64.Build.0 = Debug|Any CPU
		{5925EFC0-A0D0-47DF-905D-7D29453DB3CE}.DebugL|x86.ActiveCfg = Debug|Any CPU
		{5925EFC0-A0D0-47DF-905D-7D29453DB3CE}.DebugL|x86.Build.0 = Debug|Any CPU
	EndGlobalSection
	GlobalSection(SolutionProperties) = preSolution
		HideSolutionNode = FALSE
	EndGlobalSection
	GlobalSection(NestedProjects) = preSolution
		{9F216273-2099-4DE8-923C-BAC9E67BCE78} = {F1472B3D-821B-4014-9A66-0396BE1D05BC}
		{6D4FDFBB-92E1-4DC5-B643-1B3465F6A0AC} = {F1472B3D-821B-4014-9A66-0396BE1D05BC}
		{87B40B2C-98E9-4422-9FDA-F78FF7F904FE} = {827E0CD3-B72D-47B6-A68D-7590B98EB39B}
		{7DF0D83E-7830-4F71-917C-C8169CAD93A5} = {0AB3BF05-4346-4AA6-1389-037BE0695223}
		{5925EFC0-A0D0-47DF-905D-7D29453DB3CE} = {0AB3BF05-4346-4AA6-1389-037BE0695223}
	EndGlobalSection
EndGlobal
