
Microsoft Visual Studio Solution File, Format Version 12.00
Project("{2150E333-8FDC-42A3-9474-1A3956D46DE8}") = "cli", "cli", "{F1472B3D-821B-4014-9A66-0396BE1D05BC}"
EndProject
Project("{FAE04EC0-301F-11D3-BF4B-00C04F79EFBC}") = "ManagementTool", "src\ManagementTool\ManagementTool.csproj", "{9F216273-2099-4DE8-923C-BAC9E67BCE78}"
EndProject
Global
	GlobalSection(SolutionConfigurationPlatforms) = preSolution
		Debug|Any CPU = Debug|Any CPU
		Release|Any CPU = Release|Any CPU
		DebugL|Any CPU = DebugL|Any CPU
	EndGlobalSection
	GlobalSection(NestedProjects) = preSolution
		{9F216273-2099-4DE8-923C-BAC9E67BCE78} = {F1472B3D-821B-4014-9A66-0396BE1D05BC}
	EndGlobalSection
	GlobalSection(ProjectConfigurationPlatforms) = postSolution
		{9F216273-2099-4DE8-923C-BAC9E67BCE78}.Debug|Any CPU.ActiveCfg = Debug|Any CPU
		{9F216273-2099-4DE8-923C-BAC9E67BCE78}.Debug|Any CPU.Build.0 = Debug|Any CPU
		{9F216273-2099-4DE8-923C-BAC9E67BCE78}.Release|Any CPU.ActiveCfg = Release|Any CPU
		{9F216273-2099-4DE8-923C-BAC9E67BCE78}.Release|Any CPU.Build.0 = Release|Any CPU
		{9F216273-2099-4DE8-923C-BAC9E67BCE78}.DebugL|Any CPU.ActiveCfg = DebugL|Any CPU
		{9F216273-2099-4DE8-923C-BAC9E67BCE78}.DebugL|Any CPU.Build.0 = DebugL|Any CPU
	EndGlobalSection
EndGlobal
